// !$*UTF8*$!
{
	archiveVersion = 1;
	classes = {
	};
	objectVersion = 46;
	objects = {

/* Begin PBXBuildFile section */
		EE52313815CB41DC006ABCDE /* UIKit.framework in Frameworks */ = {isa = PBXBuildFile; fileRef = EE52313715CB41DC006ABCDE /* UIKit.framework */; };
		EE52313A15CB41DC006ABCDE /* Foundation.framework in Frameworks */ = {isa = PBXBuildFile; fileRef = EE52313915CB41DC006ABCDE /* Foundation.framework */; };
		EE52313C15CB41DC006ABCDE /* CoreGraphics.framework in Frameworks */ = {isa = PBXBuildFile; fileRef = EE52313B15CB41DC006ABCDE /* CoreGraphics.framework */; };
		EE52314215CB41DC006ABCDE /* InfoPlist.strings in Resources */ = {isa = PBXBuildFile; fileRef = EE52314015CB41DC006ABCDE /* InfoPlist.strings */; };
		EE52314415CB41DC006ABCDE /* main.m in Sources */ = {isa = PBXBuildFile; fileRef = EE52314315CB41DC006ABCDE /* main.m */; };
		EE52314815CB41DC006ABCDE /* firstViewAppDelegate.m in Sources */ = {isa = PBXBuildFile; fileRef = EE52314715CB41DC006ABCDE /* firstViewAppDelegate.m */; };
		EE52314B15CB41DC006ABCDE /* MainStoryboard.storyboard in Resources */ = {isa = PBXBuildFile; fileRef = EE52314915CB41DC006ABCDE /* MainStoryboard.storyboard */; };
		EE52314E15CB41DC006ABCDE /* firstViewViewController.m in Sources */ = {isa = PBXBuildFile; fileRef = EE52314D15CB41DC006ABCDE /* firstViewViewController.m */; };
/* End PBXBuildFile section */

/* Begin PBXFileReference section */
		EE52313315CB41DC006ABCDE /* Car Rentals.app */ = {isa = PBXFileReference; explicitFileType = wrapper.application; includeInIndex = 0; path = "Car Rentals.app"; sourceTree = BUILT_PRODUCTS_DIR; };
		EE52313715CB41DC006ABCDE /* UIKit.framework */ = {isa = PBXFileReference; lastKnownFileType = wrapper.framework; name = UIKit.framework; path = System/Library/Frameworks/UIKit.framework; sourceTree = SDKROOT; };
		EE52313915CB41DC006ABCDE /* Foundation.framework */ = {isa = PBXFileReference; lastKnownFileType = wrapper.framework; name = Foundation.framework; path = System/Library/Frameworks/Foundation.framework; sourceTree = SDKROOT; };
		EE52313B15CB41DC006ABCDE /* CoreGraphics.framework */ = {isa = PBXFileReference; lastKnownFileType = wrapper.framework; name = CoreGraphics.framework; path = System/Library/Frameworks/CoreGraphics.framework; sourceTree = SDKROOT; };
		EE52313F15CB41DC006ABCDE /* Car Rentals-Info.plist */ = {isa = PBXFileReference; lastKnownFileType = text.plist.xml; path = "Car Rentals-Info.plist"; sourceTree = "<group>"; };
		EE52314115CB41DC006ABCDE /* en */ = {isa = PBXFileReference; lastKnownFileType = text.plist.strings; name = en; path = en.lproj/InfoPlist.strings; sourceTree = "<group>"; };
		EE52314315CB41DC006ABCDE /* main.m */ = {isa = PBXFileReference; lastKnownFileType = sourcecode.c.objc; path = main.m; sourceTree = "<group>"; };
		EE52314515CB41DC006ABCDE /* Car Rentals-Prefix.pch */ = {isa = PBXFileReference; lastKnownFileType = sourcecode.c.h; path = "Car Rentals-Prefix.pch"; sourceTree = "<group>"; };
		EE52314615CB41DC006ABCDE /* firstViewAppDelegate.h */ = {isa = PBXFileReference; lastKnownFileType = sourcecode.c.h; path = firstViewAppDelegate.h; sourceTree = "<group>"; };
		EE52314715CB41DC006ABCDE /* firstViewAppDelegate.m */ = {isa = PBXFileReference; lastKnownFileType = sourcecode.c.objc; path = firstViewAppDelegate.m; sourceTree = "<group>"; };
		EE52314A15CB41DC006ABCDE /* en */ = {isa = PBXFileReference; lastKnownFileType = file.storyboard; name = en; path = en.lproj/MainStoryboard.storyboard; sourceTree = "<group>"; };
		EE52314C15CB41DC006ABCDE /* firstViewViewController.h */ = {isa = PBXFileReference; lastKnownFileType = sourcecode.c.h; path = firstViewViewController.h; sourceTree = "<group>"; };
		EE52314D15CB41DC006ABCDE /* firstViewViewController.m */ = {isa = PBXFileReference; lastKnownFileType = sourcecode.c.objc; path = firstViewViewController.m; sourceTree = "<group>"; };
/* End PBXFileReference section */

/* Begin PBXFrameworksBuildPhase section */
		EE52313015CB41DC006ABCDE /* Frameworks */ = {
			isa = PBXFrameworksBuildPhase;
			buildActionMask = 2147483647;
			files = (
				EE52313815CB41DC006ABCDE /* UIKit.framework in Frameworks */,
				EE52313A15CB41DC006ABCDE /* Foundation.framework in Frameworks */,
				EE52313C15CB41DC006ABCDE /* CoreGraphics.framework in Frameworks */,
			);
			runOnlyForDeploymentPostprocessing = 0;
		};
/* End PBXFrameworksBuildPhase section */

/* Begin PBXGroup section */
		EE52312815CB41DC006ABCDE = {
			isa = PBXGroup;
			children = (
				EE52313D15CB41DC006ABCDE /* Car Rentals */,
				EE52313615CB41DC006ABCDE /* Frameworks */,
				EE52313415CB41DC006ABCDE /* Products */,
			);
			sourceTree = "<group>";
		};
		EE52313415CB41DC006ABCDE /* Products */ = {
			isa = PBXGroup;
			children = (
				EE52313315CB41DC006ABCDE /* Car Rentals.app */,
			);
			name = Products;
			sourceTree = "<group>";
		};
		EE52313615CB41DC006ABCDE /* Frameworks */ = {
			isa = PBXGroup;
			children = (
				EE52313715CB41DC006ABCDE /* UIKit.framework */,
				EE52313915CB41DC006ABCDE /* Foundation.framework */,
				EE52313B15CB41DC006ABCDE /* CoreGraphics.framework */,
			);
			name = Frameworks;
			sourceTree = "<group>";
		};
		EE52313D15CB41DC006ABCDE /* Car Rentals */ = {
			isa = PBXGroup;
			children = (
				EE52314615CB41DC006ABCDE /* firstViewAppDelegate.h */,
				EE52314715CB41DC006ABCDE /* firstViewAppDelegate.m */,
				EE52314915CB41DC006ABCDE /* MainStoryboard.storyboard */,
				EE52314C15CB41DC006ABCDE /* firstViewViewController.h */,
				EE52314D15CB41DC006ABCDE /* firstViewViewController.m */,
				EE52313E15CB41DC006ABCDE /* Supporting Files */,
			);
			path = "Car Rentals";
			sourceTree = "<group>";
		};
		EE52313E15CB41DC006ABCDE /* Supporting Files */ = {
			isa = PBXGroup;
			children = (
				EE52313F15CB41DC006ABCDE /* Car Rentals-Info.plist */,
				EE52314015CB41DC006ABCDE /* InfoPlist.strings */,
				EE52314315CB41DC006ABCDE /* main.m */,
				EE52314515CB41DC006ABCDE /* Car Rentals-Prefix.pch */,
			);
			name = "Supporting Files";
			sourceTree = "<group>";
		};
/* End PBXGroup section */

/* Begin PBXNativeTarget section */
		EE52313215CB41DC006ABCDE /* Car Rentals */ = {
			isa = PBXNativeTarget;
			buildConfigurationList = EE52315115CB41DC006ABCDE /* Build configuration list for PBXNativeTarget "Car Rentals" */;
			buildPhases = (
				EE52312F15CB41DC006ABCDE /* Sources */,
				EE52313015CB41DC006ABCDE /* Frameworks */,
				EE52313115CB41DC006ABCDE /* Resources */,
			);
			buildRules = (
			);
			dependencies = (
			);
			name = "Car Rentals";
			productName = "Car Rentals";
			productReference = EE52313315CB41DC006ABCDE /* Car Rentals.app */;
			productType = "com.apple.product-type.application";
		};
/* End PBXNativeTarget section */

/* Begin PBXProject section */
		EE52312A15CB41DC006ABCDE /* Project object */ = {
			isa = PBXProject;
			attributes = {
				CLASSPREFIX = firstView;
				LastUpgradeCheck = 0440;
				ORGANIZATIONNAME = "Joshua Fisher";
			};
			buildConfigurationList = EE52312D15CB41DC006ABCDE /* Build configuration list for PBXProject "Car Rentals" */;
			compatibilityVersion = "Xcode 3.2";
			developmentRegion = English;
			hasScannedForEncodings = 0;
			knownRegions = (
				en,
			);
			mainGroup = EE52312815CB41DC006ABCDE;
			productRefGroup = EE52313415CB41DC006ABCDE /* Products */;
			projectDirPath = "";
			projectRoot = "";
			targets = (
				EE52313215CB41DC006ABCDE /* Car Rentals */,
			);
		};
/* End PBXProject section */

/* Begin PBXResourcesBuildPhase section */
		EE52313115CB41DC006ABCDE /* Resources */ = {
			isa = PBXResourcesBuildPhase;
			buildActionMask = 2147483647;
			files = (
				EE52314215CB41DC006ABCDE /* InfoPlist.strings in Resources */,
				EE52314B15CB41DC006ABCDE /* MainStoryboard.storyboard in Resources */,
			);
			runOnlyForDeploymentPostprocessing = 0;
		};
/* End PBXResourcesBuildPhase section */

/* Begin PBXSourcesBuildPhase section */
		EE52312F15CB41DC006ABCDE /* Sources */ = {
			isa = PBXSourcesBuildPhase;
			buildActionMask = 2147483647;
			files = (
				EE52314415CB41DC006ABCDE /* main.m in Sources */,
				EE52314815CB41DC006ABCDE /* firstViewAppDelegate.m in Sources */,
				EE52314E15CB41DC006ABCDE /* firstViewViewController.m in Sources */,
			);
			runOnlyForDeploymentPostprocessing = 0;
		};
/* End PBXSourcesBuildPhase section */

/* Begin PBXVariantGroup section */
		EE52314015CB41DC006ABCDE /* InfoPlist.strings */ = {
			isa = PBXVariantGroup;
			children = (
				EE52314115CB41DC006ABCDE /* en */,
			);
			name = InfoPlist.strings;
			sourceTree = "<group>";
		};
		EE52314915CB41DC006ABCDE /* MainStoryboard.storyboard */ = {
			isa = PBXVariantGroup;
			children = (
				EE52314A15CB41DC006ABCDE /* en */,
			);
			name = MainStoryboard.storyboard;
			sourceTree = "<group>";
		};
/* End PBXVariantGroup section */

/* Begin XCBuildConfiguration section */
		EE52314F15CB41DC006ABCDE /* Debug */ = {
			isa = XCBuildConfiguration;
			buildSettings = {
				ALWAYS_SEARCH_USER_PATHS = NO;
				ARCHS = "$(ARCHS_STANDARD_32_BIT)";
				CLANG_CXX_LANGUAGE_STANDARD = "gnu++0x";
				CLANG_ENABLE_OBJC_ARC = YES;
				CLANG_WARN__DUPLICATE_METHOD_MATCH = YES;
				"CODE_SIGN_IDENTITY[sdk=iphoneos*]" = "iPhone Developer";
				COPY_PHASE_STRIP = NO;
				GCC_C_LANGUAGE_STANDARD = gnu99;
				GCC_DYNAMIC_NO_PIC = NO;
				GCC_OPTIMIZATION_LEVEL = 0;
				GCC_PREPROCESSOR_DEFINITIONS = (
					"DEBUG=1",
					"$(inherited)",
				);
				GCC_SYMBOLS_PRIVATE_EXTERN = NO;
				GCC_VERSION = com.apple.compilers.llvm.clang.1_0;
				GCC_WARN_ABOUT_RETURN_TYPE = YES;
				GCC_WARN_UNINITIALIZED_AUTOS = YES;
				GCC_WARN_UNUSED_VARIABLE = YES;
				IPHONEOS_DEPLOYMENT_TARGET = 5.1;
				SDKROOT = iphoneos;
			};
			name = Debug;
		};
		EE52315015CB41DC006ABCDE /* Release */ = {
			isa = XCBuildConfiguration;
			buildSettings = {
				ALWAYS_SEARCH_USER_PATHS = NO;
				ARCHS = "$(ARCHS_STANDARD_32_BIT)";
				CLANG_CXX_LANGUAGE_STANDARD = "gnu++0x";
				CLANG_ENABLE_OBJC_ARC = YES;
				CLANG_WARN__DUPLICATE_METHOD_MATCH = YES;
				"CODE_SIGN_IDENTITY[sdk=iphoneos*]" = "iPhone Developer";
				COPY_PHASE_STRIP = YES;
				GCC_C_LANGUAGE_STANDARD = gnu99;
				GCC_VERSION = com.apple.compilers.llvm.clang.1_0;
				GCC_WARN_ABOUT_RETURN_TYPE = YES;
				GCC_WARN_UNINITIALIZED_AUTOS = YES;
				GCC_WARN_UNUSED_VARIABLE = YES;
				IPHONEOS_DEPLOYMENT_TARGET = 5.1;
				OTHER_CFLAGS = "-DNS_BLOCK_ASSERTIONS=1";
				SDKROOT = iphoneos;
				VALIDATE_PRODUCT = YES;
			};
			name = Release;
		};
		EE52315215CB41DC006ABCDE /* Debug */ = {
			isa = XCBuildConfiguration;
			buildSettings = {
				GCC_PRECOMPILE_PREFIX_HEADER = YES;
				GCC_PREFIX_HEADER = "Car Rentals/Car Rentals-Prefix.pch";
				INFOPLIST_FILE = "Car Rentals/Car Rentals-Info.plist";
				PRODUCT_NAME = "$(TARGET_NAME)";
				WRAPPER_EXTENSION = app;
			};
			name = Debug;
		};
		EE52315315CB41DC006ABCDE /* Release */ = {
			isa = XCBuildConfiguration;
			buildSettings = {
				GCC_PRECOMPILE_PREFIX_HEADER = YES;
				GCC_PREFIX_HEADER = "Car Rentals/Car Rentals-Prefix.pch";
				INFOPLIST_FILE = "Car Rentals/Car Rentals-Info.plist";
				PRODUCT_NAME = "$(TARGET_NAME)";
				WRAPPER_EXTENSION = app;
			};
			name = Release;
		};
/* End XCBuildConfiguration section */

/* Begin XCConfigurationList section */
		EE52312D15CB41DC006ABCDE /* Build configuration list for PBXProject "Car Rentals" */ = {
			isa = XCConfigurationList;
			buildConfigurations = (
				EE52314F15CB41DC006ABCDE /* Debug */,
				EE52315015CB41DC006ABCDE /* Release */,
			);
			defaultConfigurationIsVisible = 0;
			defaultConfigurationName = Release;
		};
		EE52315115CB41DC006ABCDE /* Build configuration list for PBXNativeTarget "Car Rentals" */ = {
			isa = XCConfigurationList;
			buildConfigurations = (
				EE52315215CB41DC006ABCDE /* Debug */,
				EE52315315CB41DC006ABCDE /* Release */,
			);
			defaultConfigurationIsVisible = 0;
		};
/* End XCConfigurationList section */
	};
	rootObject = EE52312A15CB41DC006ABCDE /* Project object */;
}
